
Microsoft Visual Studio Solution File, Format Version 12.00
# Visual Studio Version 17
VisualStudioVersion = 17.4.33205.214
MinimumVisualStudioVersion = 10.0.40219.1
Project("{FAE04EC0-301F-11D3-BF4B-00C04F79EFBC}") = "OOP", "OOP\OOP.csproj", "{6EA62776-75AB-4FFB-922C-0A234F46E813}"
EndProject
Project("{FAE04EC0-301F-11D3-BF4B-00C04F79EFBC}") = "Try_Catch", "Try_Catch\Try_Catch.csproj", "{2CA279A4-E65E-4868-8190-B3E11A6972B0}"
EndProject
Global
	GlobalSection(SolutionConfigurationPlatforms) = preSolution
		Debug|Any CPU = Debug|Any CPU
		Release|Any CPU = Release|Any CPU
	EndGlobalSection
	GlobalSection(ProjectConfigurationPlatforms) = postSolution
		{6EA62776-75AB-4FFB-922C-0A234F46E813}.Debug|Any CPU.ActiveCfg = Debug|Any CPU
		{6EA62776-75AB-4FFB-922C-0A234F46E813}.Debug|Any CPU.Build.0 = Debug|Any CPU
		{6EA62776-75AB-4FFB-922C-0A234F46E813}.Release|Any CPU.ActiveCfg = Release|Any CPU
		{6EA62776-75AB-4FFB-922C-0A234F46E813}.Release|Any CPU.Build.0 = Release|Any CPU
		{2CA279A4-E65E-4868-8190-B3E11A6972B0}.Debug|Any CPU.ActiveCfg = Debug|Any CPU
		{2CA279A4-E65E-4868-8190-B3E11A6972B0}.Debug|Any CPU.Build.0 = Debug|Any CPU
		{2CA279A4-E65E-4868-8190-B3E11A6972B0}.Release|Any CPU.ActiveCfg = Release|Any CPU
		{2CA279A4-E65E-4868-8190-B3E11A6972B0}.Release|Any CPU.Build.0 = Release|Any CPU
	EndGlobalSection
	GlobalSection(SolutionProperties) = preSolution
		HideSolutionNode = FALSE
	EndGlobalSection
	GlobalSection(ExtensibilityGlobals) = postSolution
		SolutionGuid = {C937129B-FA00-46C8-9B9A-4498F8639604}
	EndGlobalSection
EndGlobal
